
Microsoft Visual Studio Solution File, Format Version 12.00
# Visual Studio Version 16
VisualStudioVersion = 16.0.32602.290
MinimumVisualStudioVersion = 10.0.40219.1
Project("{FAE04EC0-301F-11D3-BF4B-00C04F79EFBC}") = "Comida", "Comida\Comida.csproj", "{B215BA4D-7964-4B55-A3D2-2473608827A5}"
EndProject
Global
	GlobalSection(SolutionConfigurationPlatforms) = preSolution
		Debug|Any CPU = Debug|Any CPU
		Release|Any CPU = Release|Any CPU
	EndGlobalSection
	GlobalSection(ProjectConfigurationPlatforms) = postSolution
		{B215BA4D-7964-4B55-A3D2-2473608827A5}.Debug|Any CPU.ActiveCfg = Debug|Any CPU
		{B215BA4D-7964-4B55-A3D2-2473608827A5}.Debug|Any CPU.Build.0 = Debug|Any CPU
		{B215BA4D-7964-4B55-A3D2-2473608827A5}.Release|Any CPU.ActiveCfg = Release|Any CPU
		{B215BA4D-7964-4B55-A3D2-2473608827A5}.Release|Any CPU.Build.0 = Release|Any CPU
	EndGlobalSection
	GlobalSection(SolutionProperties) = preSolution
		HideSolutionNode = FALSE
	EndGlobalSection
	GlobalSection(ExtensibilityGlobals) = postSolution
		SolutionGuid = {A8624128-708D-4F46-AE2E-9815C9D7B64A}
	EndGlobalSection
EndGlobal
